
Microsoft Visual Studio Solution File, Format Version 12.00
# Visual Studio Version 16
VisualStudioVersion = 16.0.29709.97
MinimumVisualStudioVersion = 10.0.40219.1
Project("{9A19103F-16F7-4668-BE54-9A1E7A4F7556}") = "ReactiveState", "ReactiveState\ReactiveState.csproj", "{0A003441-BA34-4834-AE04-9CF6E384DAD0}"
EndProject
Project("{9A19103F-16F7-4668-BE54-9A1E7A4F7556}") = "ReactiveState.Tests", "ReactiveState.Tests\ReactiveState.Tests.csproj", "{9ACFC4DA-9263-4636-8400-52C3400A6712}"
EndProject
Global
	GlobalSection(SolutionConfigurationPlatforms) = preSolution
		Debug|Any CPU = Debug|Any CPU
		Debug|ARM = Debug|ARM
		Debug|x64 = Debug|x64
		Debug|x86 = Debug|x86
		Release|Any CPU = Release|Any CPU
		Release|ARM = Release|ARM
		Release|x64 = Release|x64
		Release|x86 = Release|x86
	EndGlobalSection
	GlobalSection(ProjectConfigurationPlatforms) = postSolution
		{0A003441-BA34-4834-AE04-9CF6E384DAD0}.Debug|Any CPU.ActiveCfg = Debug|Any CPU
		{0A003441-BA34-4834-AE04-9CF6E384DAD0}.Debug|Any CPU.Build.0 = Debug|Any CPU
		{0A003441-BA34-4834-AE04-9CF6E384DAD0}.Debug|ARM.ActiveCfg = Debug|Any CPU
		{0A003441-BA34-4834-AE04-9CF6E384DAD0}.Debug|ARM.Build.0 = Debug|Any CPU
		{0A003441-BA34-4834-AE04-9CF6E384DAD0}.Debug|x64.ActiveCfg = Debug|Any CPU
		{0A003441-BA34-4834-AE04-9CF6E384DAD0}.Debug|x64.Build.0 = Debug|Any CPU
		{0A003441-BA34-4834-AE04-9CF6E384DAD0}.Debug|x86.ActiveCfg = Debug|Any CPU
		{0A003441-BA34-4834-AE04-9CF6E384DAD0}.Debug|x86.Build.0 = Debug|Any CPU
		{0A003441-BA34-4834-AE04-9CF6E384DAD0}.Release|Any CPU.ActiveCfg = Release|Any CPU
		{0A003441-BA34-4834-AE04-9CF6E384DAD0}.Release|Any CPU.Build.0 = Release|Any CPU
		{0A003441-BA34-4834-AE04-9CF6E384DAD0}.Release|ARM.ActiveCfg = Release|Any CPU
		{0A003441-BA34-4834-AE04-9CF6E384DAD0}.Release|ARM.Build.0 = Release|Any CPU
		{0A003441-BA34-4834-AE04-9CF6E384DAD0}.Release|x64.ActiveCfg = Release|Any CPU
		{0A003441-BA34-4834-AE04-9CF6E384DAD0}.Release|x64.Build.0 = Release|Any CPU
		{0A003441-BA34-4834-AE04-9CF6E384DAD0}.Release|x86.ActiveCfg = Release|Any CPU
		{0A003441-BA34-4834-AE04-9CF6E384DAD0}.Release|x86.Build.0 = Release|Any CPU
		{9ACFC4DA-9263-4636-8400-52C3400A6712}.Debug|Any CPU.ActiveCfg = Debug|Any CPU
		{9ACFC4DA-9263-4636-8400-52C3400A6712}.Debug|Any CPU.Build.0 = Debug|Any CPU
		{9ACFC4DA-9263-4636-8400-52C3400A6712}.Debug|ARM.ActiveCfg = Debug|Any CPU
		{9ACFC4DA-9263-4636-8400-52C3400A6712}.Debug|ARM.Build.0 = Debug|Any CPU
		{9ACFC4DA-9263-4636-8400-52C3400A6712}.Debug|x64.ActiveCfg = Debug|Any CPU
		{9ACFC4DA-9263-4636-8400-52C3400A6712}.Debug|x64.Build.0 = Debug|Any CPU
		{9ACFC4DA-9263-4636-8400-52C3400A6712}.Debug|x86.ActiveCfg = Debug|Any CPU
		{9ACFC4DA-9263-4636-8400-52C3400A6712}.Debug|x86.Build.0 = Debug|Any CPU
		{9ACFC4DA-9263-4636-8400-52C3400A6712}.Release|Any CPU.ActiveCfg = Release|Any CPU
		{9ACFC4DA-9263-4636-8400-52C3400A6712}.Release|Any CPU.Build.0 = Release|Any CPU
		{9ACFC4DA-9263-4636-8400-52C3400A6712}.Release|ARM.ActiveCfg = Release|Any CPU
		{9ACFC4DA-9263-4636-8400-52C3400A6712}.Release|ARM.Build.0 = Release|Any CPU
		{9ACFC4DA-9263-4636-8400-52C3400A6712}.Release|x64.ActiveCfg = Release|Any CPU
		{9ACFC4DA-9263-4636-8400-52C3400A6712}.Release|x64.Build.0 = Release|Any CPU
		{9ACFC4DA-9263-4636-8400-52C3400A6712}.Release|x86.ActiveCfg = Release|Any CPU
		{9ACFC4DA-9263-4636-8400-52C3400A6712}.Release|x86.Build.0 = Release|Any CPU
	EndGlobalSection
	GlobalSection(SolutionProperties) = preSolution
		HideSolutionNode = FALSE
	EndGlobalSection
	GlobalSection(ExtensibilityGlobals) = postSolution
		SolutionGuid = {3AADBA64-3BE5-496A-9E93-F702B730326D}
	EndGlobalSection
EndGlobal
